{
  "requires": true,
  "lockfileVersion": 1,
  "dependencies": {
    "@types/openlayers": {
      "version": "4.6.16",
      "resolved": "https://registry.npmjs.org/@types/openlayers/-/openlayers-4.6.16.tgz",
      "integrity": "sha512-S8dXkTfgJgF9vlsgFybtRvLGJt8VeMh/cRLvINzPQSm3zwPaaLOVP/B9d3E13yhkNe69M1X4ImyU5NuVUADsjg=="
    }
  }
}
